
Microsoft Visual Studio Solution File, Format Version 12.00
# Visual Studio 15
VisualStudioVersion = 15.0.26124.0
MinimumVisualStudioVersion = 15.0.26124.0
Project("{2150E333-8FDC-42A3-9474-1A3956D46DE8}") = "src", "src", "{C8F8BA1B-5821-4A61-8EA8-8F0F513893C2}"
EndProject
Project("{FAE04EC0-301F-11D3-BF4B-00C04F79EFBC}") = "GradeBook", "src\GradeBook\GradeBook.csproj", "{1AD56377-7E36-4F23-AEA6-88514C936327}"
EndProject
Project("{2150E333-8FDC-42A3-9474-1A3956D46DE8}") = "test", "test", "{98030EF3-3F84-4B36-8520-04560691C252}"
EndProject
Project("{FAE04EC0-301F-11D3-BF4B-00C04F79EFBC}") = "GradeBook.Tests", "test\GradeBook.Tests\GradeBook.Tests.csproj", "{DD42FF4A-867A-4E53-ADB6-5DE126A028F6}"
EndProject
Global
	GlobalSection(SolutionConfigurationPlatforms) = preSolution
		Debug|Any CPU = Debug|Any CPU
		Debug|x64 = Debug|x64
		Debug|x86 = Debug|x86
		Release|Any CPU = Release|Any CPU
		Release|x64 = Release|x64
		Release|x86 = Release|x86
	EndGlobalSection
	GlobalSection(SolutionProperties) = preSolution
		HideSolutionNode = FALSE
	EndGlobalSection
	GlobalSection(ProjectConfigurationPlatforms) = postSolution
		{1AD56377-7E36-4F23-AEA6-88514C936327}.Debug|Any CPU.ActiveCfg = Debug|Any CPU
		{1AD56377-7E36-4F23-AEA6-88514C936327}.Debug|Any CPU.Build.0 = Debug|Any CPU
		{1AD56377-7E36-4F23-AEA6-88514C936327}.Debug|x64.ActiveCfg = Debug|Any CPU
		{1AD56377-7E36-4F23-AEA6-88514C936327}.Debug|x64.Build.0 = Debug|Any CPU
		{1AD56377-7E36-4F23-AEA6-88514C936327}.Debug|x86.ActiveCfg = Debug|Any CPU
		{1AD56377-7E36-4F23-AEA6-88514C936327}.Debug|x86.Build.0 = Debug|Any CPU
		{1AD56377-7E36-4F23-AEA6-88514C936327}.Release|Any CPU.ActiveCfg = Release|Any CPU
		{1AD56377-7E36-4F23-AEA6-88514C936327}.Release|Any CPU.Build.0 = Release|Any CPU
		{1AD56377-7E36-4F23-AEA6-88514C936327}.Release|x64.ActiveCfg = Release|Any CPU
		{1AD56377-7E36-4F23-AEA6-88514C936327}.Release|x64.Build.0 = Release|Any CPU
		{1AD56377-7E36-4F23-AEA6-88514C936327}.Release|x86.ActiveCfg = Release|Any CPU
		{1AD56377-7E36-4F23-AEA6-88514C936327}.Release|x86.Build.0 = Release|Any CPU
		{DD42FF4A-867A-4E53-ADB6-5DE126A028F6}.Debug|Any CPU.ActiveCfg = Debug|Any CPU
		{DD42FF4A-867A-4E53-ADB6-5DE126A028F6}.Debug|Any CPU.Build.0 = Debug|Any CPU
		{DD42FF4A-867A-4E53-ADB6-5DE126A028F6}.Debug|x64.ActiveCfg = Debug|Any CPU
		{DD42FF4A-867A-4E53-ADB6-5DE126A028F6}.Debug|x64.Build.0 = Debug|Any CPU
		{DD42FF4A-867A-4E53-ADB6-5DE126A028F6}.Debug|x86.ActiveCfg = Debug|Any CPU
		{DD42FF4A-867A-4E53-ADB6-5DE126A028F6}.Debug|x86.Build.0 = Debug|Any CPU
		{DD42FF4A-867A-4E53-ADB6-5DE126A028F6}.Release|Any CPU.ActiveCfg = Release|Any CPU
		{DD42FF4A-867A-4E53-ADB6-5DE126A028F6}.Release|Any CPU.Build.0 = Release|Any CPU
		{DD42FF4A-867A-4E53-ADB6-5DE126A028F6}.Release|x64.ActiveCfg = Release|Any CPU
		{DD42FF4A-867A-4E53-ADB6-5DE126A028F6}.Release|x64.Build.0 = Release|Any CPU
		{DD42FF4A-867A-4E53-ADB6-5DE126A028F6}.Release|x86.ActiveCfg = Release|Any CPU
		{DD42FF4A-867A-4E53-ADB6-5DE126A028F6}.Release|x86.Build.0 = Release|Any CPU
	EndGlobalSection
	GlobalSection(NestedProjects) = preSolution
		{1AD56377-7E36-4F23-AEA6-88514C936327} = {C8F8BA1B-5821-4A61-8EA8-8F0F513893C2}
		{DD42FF4A-867A-4E53-ADB6-5DE126A028F6} = {98030EF3-3F84-4B36-8520-04560691C252}
	EndGlobalSection
EndGlobal
